
Microsoft Visual Studio Solution File, Format Version 12.00
# Visual Studio Version 17
VisualStudioVersion = 17.1.32421.90
MinimumVisualStudioVersion = 10.0.40219.1
Project("{FAE04EC0-301F-11D3-BF4B-00C04F79EFBC}") = "WebApplication3", "WebApplication3\WebApplication3.csproj", "{A99604D3-35C1-4145-A789-63C0D7D3E966}"
EndProject
Global
	GlobalSection(SolutionConfigurationPlatforms) = preSolution
		Debug|Any CPU = Debug|Any CPU
		Release|Any CPU = Release|Any CPU
	EndGlobalSection
	GlobalSection(ProjectConfigurationPlatforms) = postSolution
		{A99604D3-35C1-4145-A789-63C0D7D3E966}.Debug|Any CPU.ActiveCfg = Debug|Any CPU
		{A99604D3-35C1-4145-A789-63C0D7D3E966}.Debug|Any CPU.Build.0 = Debug|Any CPU
		{A99604D3-35C1-4145-A789-63C0D7D3E966}.Release|Any CPU.ActiveCfg = Release|Any CPU
		{A99604D3-35C1-4145-A789-63C0D7D3E966}.Release|Any CPU.Build.0 = Release|Any CPU
	EndGlobalSection
	GlobalSection(SolutionProperties) = preSolution
		HideSolutionNode = FALSE
	EndGlobalSection
	GlobalSection(ExtensibilityGlobals) = postSolution
		SolutionGuid = {289F4737-41BD-4D09-B5D9-83D19C49B352}
	EndGlobalSection
EndGlobal
